// !$*UTF8*$!
{
	archiveVersion = 1;
	classes = {
	};
	objectVersion = 46;
	objects = {

/* Begin PBXBuildFile section */
		00E356F31AD99517003FC87E /* alva_shopTests.m in Sources */ = {isa = PBXBuildFile; fileRef = 00E356F21AD99517003FC87E /* alva_shopTests.m */; };
		13B07FBC1A68108700A75B9A /* AppDelegate.m in Sources */ = {isa = PBXBuildFile; fileRef = 13B07FB01A68108700A75B9A /* AppDelegate.m */; };
		13B07FBF1A68108700A75B9A /* Images.xcassets in Resources */ = {isa = PBXBuildFile; fileRef = 13B07FB51A68108700A75B9A /* Images.xcassets */; };
		13B07FC11A68108700A75B9A /* main.m in Sources */ = {isa = PBXBuildFile; fileRef = 13B07FB71A68108700A75B9A /* main.m */; };
		2D02E4BC1E0B4A80006451C7 /* AppDelegate.m in Sources */ = {isa = PBXBuildFile; fileRef = 13B07FB01A68108700A75B9A /* AppDelegate.m */; };
		2D02E4BD1E0B4A84006451C7 /* Images.xcassets in Resources */ = {isa = PBXBuildFile; fileRef = 13B07FB51A68108700A75B9A /* Images.xcassets */; };
		2D02E4BF1E0B4AB3006451C7 /* main.m in Sources */ = {isa = PBXBuildFile; fileRef = 13B07FB71A68108700A75B9A /* main.m */; };
		2DCD954D1E0B4F2C00145EB5 /* alva_shopTests.m in Sources */ = {isa = PBXBuildFile; fileRef = 00E356F21AD99517003FC87E /* alva_shopTests.m */; };
		81AB9BB82411601600AC10FF /* LaunchScreen.storyboard in Resources */ = {isa = PBXBuildFile; fileRef = 81AB9BB72411601600AC10FF /* LaunchScreen.storyboard */; };
		4ACBBAC8024042FCAB45F352 /* AntDesign.ttf in Resources */ = {isa = PBXBuildFile; fileRef = E732EEB9684448EDB20B5871 /* AntDesign.ttf */; };
		69916FA3B96C4D1497E946DF /* Entypo.ttf in Resources */ = {isa = PBXBuildFile; fileRef = A96E6C793AC4484EBBB37CAE /* Entypo.ttf */; };
		D01E9944F88645DF87095C84 /* EvilIcons.ttf in Resources */ = {isa = PBXBuildFile; fileRef = 17EAE9913AF1463F9F519B27 /* EvilIcons.ttf */; };
		99D487EF8709478DAC78F175 /* Feather.ttf in Resources */ = {isa = PBXBuildFile; fileRef = 37C40A0CA710422C9C687C4E /* Feather.ttf */; };
		73D9611AD2434261BC385C2F /* FontAwesome.ttf in Resources */ = {isa = PBXBuildFile; fileRef = 67BD882617764141B1DD7A9E /* FontAwesome.ttf */; };
		E2E725538E2A4720837E7C8B /* FontAwesome5_Brands.ttf in Resources */ = {isa = PBXBuildFile; fileRef = 2BD1134DE5CC46E1AC36CCA0 /* FontAwesome5_Brands.ttf */; };
		954602D0E0FB4B5C9F507B12 /* FontAwesome5_Regular.ttf in Resources */ = {isa = PBXBuildFile; fileRef = D1AFA13690854A81B9D72939 /* FontAwesome5_Regular.ttf */; };
		1B1A2FE9C84349E48EB3202F /* FontAwesome5_Solid.ttf in Resources */ = {isa = PBXBuildFile; fileRef = C00DBA6A4B17471BB1E852C2 /* FontAwesome5_Solid.ttf */; };
		7A2192B39C6A4C29BEA32AB3 /* Fontisto.ttf in Resources */ = {isa = PBXBuildFile; fileRef = 54F64D17581D428FAFBC23C0 /* Fontisto.ttf */; };
		D047FA5C80E7425E9BC43AB1 /* Foundation.ttf in Resources */ = {isa = PBXBuildFile; fileRef = 6C1710CFDE7249C4A6A115F5 /* Foundation.ttf */; };
		7DAF8520E3934593B86CEBDA /* Ionicons.ttf in Resources */ = {isa = PBXBuildFile; fileRef = 653BEF2BBC4A477F9E1411F2 /* Ionicons.ttf */; };
		DB5CD30381954B5DA52023C5 /* MaterialCommunityIcons.ttf in Resources */ = {isa = PBXBuildFile; fileRef = BFC30E08A6FC426692BB5DCB /* MaterialCommunityIcons.ttf */; };
		E0DF1A030A584B339CA7CB51 /* MaterialIcons.ttf in Resources */ = {isa = PBXBuildFile; fileRef = FEBEE9C0B69C49F6B775D8D1 /* MaterialIcons.ttf */; };
		FC84ABB098F94AC6909AA038 /* Octicons.ttf in Resources */ = {isa = PBXBuildFile; fileRef = 90BE0294D0A1402F8B77A563 /* Octicons.ttf */; };
		2A4E3D50AEF34BA9A1AADA2A /* SimpleLineIcons.ttf in Resources */ = {isa = PBXBuildFile; fileRef = D4B2020CC9D74DC49CE45C78 /* SimpleLineIcons.ttf */; };
		5B1588C13F7D4ADCBB144FEB /* Zocial.ttf in Resources */ = {isa = PBXBuildFile; fileRef = BDE1A4DD3766479982F96A3E /* Zocial.ttf */; };
		44BFAFA1C01B4577AF8711A6 /* Roboto-Black.ttf in Resources */ = {isa = PBXBuildFile; fileRef = 2EE7406D1AA04ECCB8AD4B42 /* Roboto-Black.ttf */; };
		44FC1059BD6C4C7388FBAB2B /* Roboto-BlackItalic.ttf in Resources */ = {isa = PBXBuildFile; fileRef = C4417E9E95AE4B648494685C /* Roboto-BlackItalic.ttf */; };
		42D749AB3545460DA019D5B4 /* Roboto-Bold.ttf in Resources */ = {isa = PBXBuildFile; fileRef = 5214C2F859EA44319D9A8DE7 /* Roboto-Bold.ttf */; };
		F2E4D23E73794632AE99470F /* Roboto-BoldItalic.ttf in Resources */ = {isa = PBXBuildFile; fileRef = 5167E1027EBA420EB8D63B7D /* Roboto-BoldItalic.ttf */; };
		B9FE8F9608D34C42B1C3D868 /* Roboto-Italic.ttf in Resources */ = {isa = PBXBuildFile; fileRef = 148704670CB94B11BF614145 /* Roboto-Italic.ttf */; };
		B6F42A349FC044A7946A2250 /* Roboto-Light.ttf in Resources */ = {isa = PBXBuildFile; fileRef = B43CE98CE2AF4D2D931F98DE /* Roboto-Light.ttf */; };
		04E8AB453C2C4D809F9B681F /* Roboto-LightItalic.ttf in Resources */ = {isa = PBXBuildFile; fileRef = 20555B91DF504B8993453134 /* Roboto-LightItalic.ttf */; };
		F1E4170A6CA04412B69CA02F /* Roboto-Medium.ttf in Resources */ = {isa = PBXBuildFile; fileRef = A842255EB4F94B18A3B195FB /* Roboto-Medium.ttf */; };
		6FC8CC5E74474C07989C1E0B /* Roboto-MediumItalic.ttf in Resources */ = {isa = PBXBuildFile; fileRef = E2FA1AFCDB7A4C269A8E4985 /* Roboto-MediumItalic.ttf */; };
		BEE3653121DE4BD2A65E228D /* Roboto-Regular.ttf in Resources */ = {isa = PBXBuildFile; fileRef = 690866FCA9E64D25A04E137C /* Roboto-Regular.ttf */; };
		CE64BA3C50924B9FB19F8C46 /* Roboto-Thin.ttf in Resources */ = {isa = PBXBuildFile; fileRef = BEA91B08649B4123B499A360 /* Roboto-Thin.ttf */; };
		69C45EF70DE5419E98F26639 /* Roboto-ThinItalic.ttf in Resources */ = {isa = PBXBuildFile; fileRef = 46177FC89FCD48EB9FA4FFA9 /* Roboto-ThinItalic.ttf */; };
		DA5AEBF4A63D4CE58FEAB0DD /* Nunito-Black.ttf in Resources */ = {isa = PBXBuildFile; fileRef = EB7D56141F8D46B8831B5ED2 /* Nunito-Black.ttf */; };
		FB3F14609AA3410BA240B3F1 /* Nunito-BlackItalic.ttf in Resources */ = {isa = PBXBuildFile; fileRef = A7C487FF350F4196B97BFC95 /* Nunito-BlackItalic.ttf */; };
		1D4E4DF4A86A4DD58FEBA69E /* Nunito-Bold.ttf in Resources */ = {isa = PBXBuildFile; fileRef = AD5F7E5C385B4CA49BA57B9D /* Nunito-Bold.ttf */; };
		9ED620FAE9E94296A7D8AEAA /* Nunito-BoldItalic.ttf in Resources */ = {isa = PBXBuildFile; fileRef = 2248BB7318514557895047A4 /* Nunito-BoldItalic.ttf */; };
		865428897B14462EA43BFE29 /* Nunito-ExtraBold.ttf in Resources */ = {isa = PBXBuildFile; fileRef = 39BEC7E9FFD04B35AE2274CE /* Nunito-ExtraBold.ttf */; };
		02AC3CAE12F04C5FA102EBD5 /* Nunito-ExtraBoldItalic.ttf in Resources */ = {isa = PBXBuildFile; fileRef = 847A33F801294D48BA852CA7 /* Nunito-ExtraBoldItalic.ttf */; };
		ED34ACDE7B74435BB7148E55 /* Nunito-ExtraLight.ttf in Resources */ = {isa = PBXBuildFile; fileRef = 2FBC4E6702654D2391F10322 /* Nunito-ExtraLight.ttf */; };
		0D1DE506C59C4E2796CF2572 /* Nunito-ExtraLightItalic.ttf in Resources */ = {isa = PBXBuildFile; fileRef = 50B3B60BFC9D46FC9237588E /* Nunito-ExtraLightItalic.ttf */; };
		E2C11FC1076B4DAB88809580 /* Nunito-Italic.ttf in Resources */ = {isa = PBXBuildFile; fileRef = 095F4719F64F4331A63DCC6B /* Nunito-Italic.ttf */; };
		F70D1EF2F65B46D6A59249D5 /* Nunito-Light.ttf in Resources */ = {isa = PBXBuildFile; fileRef = 44E0767F6A0F45C8860424E9 /* Nunito-Light.ttf */; };
		A3C56C7F8700414D9A4D96E1 /* Nunito-LightItalic.ttf in Resources */ = {isa = PBXBuildFile; fileRef = 47C979AE00BC4A82953C3597 /* Nunito-LightItalic.ttf */; };
		398D3330179940BAA107EF76 /* Nunito-Regular.ttf in Resources */ = {isa = PBXBuildFile; fileRef = 3BA40A2425E048D4A089D022 /* Nunito-Regular.ttf */; };
		338C2CBC6426474E9DFBDF9F /* Nunito-SemiBold.ttf in Resources */ = {isa = PBXBuildFile; fileRef = 4AF9707291CC43B098F1B9C0 /* Nunito-SemiBold.ttf */; };
		10211A838BA94FDD994D7E27 /* Nunito-SemiBoldItalic.ttf in Resources */ = {isa = PBXBuildFile; fileRef = A3E5992CF94042CBB11793DD /* Nunito-SemiBoldItalic.ttf */; };
		BF60DDA89CC24DAB8C817079 /* ProductSans-Black.ttf in Resources */ = {isa = PBXBuildFile; fileRef = 725620F884D44346B653C8D4 /* ProductSans-Black.ttf */; };
		E31FF1623CB64F0E9E1C2D05 /* ProductSans-BlackItalic.ttf in Resources */ = {isa = PBXBuildFile; fileRef = 8AA2803B34A74CA289A44B96 /* ProductSans-BlackItalic.ttf */; };
		DAC0D99FEBBA4117887B8C57 /* ProductSans-Bold.ttf in Resources */ = {isa = PBXBuildFile; fileRef = B8E201B3D90B4A5CB0EAEE74 /* ProductSans-Bold.ttf */; };
		7CD8F9F713844018842A1812 /* ProductSans-BoldItalic.ttf in Resources */ = {isa = PBXBuildFile; fileRef = 2009CF333B41457EBFD75E89 /* ProductSans-BoldItalic.ttf */; };
		BF427075FDCE432DB8DB85A4 /* ProductSans-Italic.ttf in Resources */ = {isa = PBXBuildFile; fileRef = DAB9745E59524BF8BFB2386F /* ProductSans-Italic.ttf */; };
		BF2664AB61E84ED7AC4F466B /* ProductSans-Light.ttf in Resources */ = {isa = PBXBuildFile; fileRef = C7B762C8A5544085966BFCFD /* ProductSans-Light.ttf */; };
		88865499B236466EA0880C65 /* ProductSans-LightItalic.ttf in Resources */ = {isa = PBXBuildFile; fileRef = B3E9136BF1144ADFADBAD487 /* ProductSans-LightItalic.ttf */; };
		08842EB3F6694CFCA2446A8E /* ProductSans-Medium.ttf in Resources */ = {isa = PBXBuildFile; fileRef = 071EE1C25A6A49F796298C3A /* ProductSans-Medium.ttf */; };
		75FBF89724F145BE8E9BF8EB /* ProductSans-MediumItalic.ttf in Resources */ = {isa = PBXBuildFile; fileRef = AD738D04FEC643D8A044CE8E /* ProductSans-MediumItalic.ttf */; };
		C3FFD3BA0B2143F2B750CC72 /* ProductSans-Regular.ttf in Resources */ = {isa = PBXBuildFile; fileRef = C86EFDAAF3184FA8BA581A17 /* ProductSans-Regular.ttf */; };
		EC9D0844A28A413D923208BF /* ProductSans-Thin.ttf in Resources */ = {isa = PBXBuildFile; fileRef = DF3B71D3C2EC447386ADDA2A /* ProductSans-Thin.ttf */; };
		3565B48760124DC990FD6918 /* ProductSans-ThinItalic.ttf in Resources */ = {isa = PBXBuildFile; fileRef = 141AC3DF1B5F4B8E83D061E8 /* ProductSans-ThinItalic.ttf */; };
/* End PBXBuildFile section */

/* Begin PBXContainerItemProxy section */
		00E356F41AD99517003FC87E /* PBXContainerItemProxy */ = {
			isa = PBXContainerItemProxy;
			containerPortal = 83CBB9F71A601CBA00E9B192 /* Project object */;
			proxyType = 1;
			remoteGlobalIDString = 13B07F861A680F5B00A75B9A;
			remoteInfo = alva_shop;
		};
		2D02E4911E0B4A5D006451C7 /* PBXContainerItemProxy */ = {
			isa = PBXContainerItemProxy;
			containerPortal = 83CBB9F71A601CBA00E9B192 /* Project object */;
			proxyType = 1;
			remoteGlobalIDString = 2D02E47A1E0B4A5D006451C7;
			remoteInfo = "alva_shop-tvOS";
		};
/* End PBXContainerItemProxy section */

/* Begin PBXFileReference section */
		008F07F21AC5B25A0029DE68 /* main.jsbundle */ = {isa = PBXFileReference; fileEncoding = 4; lastKnownFileType = text; path = main.jsbundle; sourceTree = "<group>"; };
		00E356EE1AD99517003FC87E /* alva_shopTests.xctest */ = {isa = PBXFileReference; explicitFileType = wrapper.cfbundle; includeInIndex = 0; path = alva_shopTests.xctest; sourceTree = BUILT_PRODUCTS_DIR; };
		00E356F11AD99517003FC87E /* Info.plist */ = {isa = PBXFileReference; lastKnownFileType = text.plist.xml; path = Info.plist; sourceTree = "<group>"; };
		00E356F21AD99517003FC87E /* alva_shopTests.m */ = {isa = PBXFileReference; lastKnownFileType = sourcecode.c.objc; path = alva_shopTests.m; sourceTree = "<group>"; };
		13B07F961A680F5B00A75B9A /* alva_shop.app */ = {isa = PBXFileReference; explicitFileType = wrapper.application; includeInIndex = 0; path = alva_shop.app; sourceTree = BUILT_PRODUCTS_DIR; };
		13B07FAF1A68108700A75B9A /* AppDelegate.h */ = {isa = PBXFileReference; fileEncoding = 4; lastKnownFileType = sourcecode.c.h; name = AppDelegate.h; path = alva_shop/AppDelegate.h; sourceTree = "<group>"; };
		13B07FB01A68108700A75B9A /* AppDelegate.m */ = {isa = PBXFileReference; fileEncoding = 4; lastKnownFileType = sourcecode.c.objc; name = AppDelegate.m; path = alva_shop/AppDelegate.m; sourceTree = "<group>"; };
		13B07FB51A68108700A75B9A /* Images.xcassets */ = {isa = PBXFileReference; lastKnownFileType = folder.assetcatalog; name = Images.xcassets; path = alva_shop/Images.xcassets; sourceTree = "<group>"; };
		13B07FB61A68108700A75B9A /* Info.plist */ = {isa = PBXFileReference; fileEncoding = 4; lastKnownFileType = text.plist.xml; name = Info.plist; path = alva_shop/Info.plist; sourceTree = "<group>"; };
		13B07FB71A68108700A75B9A /* main.m */ = {isa = PBXFileReference; fileEncoding = 4; lastKnownFileType = sourcecode.c.objc; name = main.m; path = alva_shop/main.m; sourceTree = "<group>"; };
		2D02E47B1E0B4A5D006451C7 /* alva_shop-tvOS.app */ = {isa = PBXFileReference; explicitFileType = wrapper.application; includeInIndex = 0; path = "alva_shop-tvOS.app"; sourceTree = BUILT_PRODUCTS_DIR; };
		2D02E4901E0B4A5D006451C7 /* alva_shop-tvOSTests.xctest */ = {isa = PBXFileReference; explicitFileType = wrapper.cfbundle; includeInIndex = 0; path = "alva_shop-tvOSTests.xctest"; sourceTree = BUILT_PRODUCTS_DIR; };
		81AB9BB72411601600AC10FF /* LaunchScreen.storyboard */ = {isa = PBXFileReference; fileEncoding = 4; lastKnownFileType = file.storyboard; name = LaunchScreen.storyboard; path = alva_shop/LaunchScreen.storyboard; sourceTree = "<group>"; };
		ED297162215061F000B7C4FE /* JavaScriptCore.framework */ = {isa = PBXFileReference; lastKnownFileType = wrapper.framework; name = JavaScriptCore.framework; path = System/Library/Frameworks/JavaScriptCore.framework; sourceTree = SDKROOT; };
		ED2971642150620600B7C4FE /* JavaScriptCore.framework */ = {isa = PBXFileReference; lastKnownFileType = wrapper.framework; name = JavaScriptCore.framework; path = Platforms/AppleTVOS.platform/Developer/SDKs/AppleTVOS12.0.sdk/System/Library/Frameworks/JavaScriptCore.framework; sourceTree = DEVELOPER_DIR; };
		E732EEB9684448EDB20B5871 /* AntDesign.ttf */ = {isa = PBXFileReference; name = "AntDesign.ttf"; path = "../node_modules/react-native-vector-icons/Fonts/AntDesign.ttf"; sourceTree = "<group>"; fileEncoding = undefined; lastKnownFileType = unknown; explicitFileType = undefined; includeInIndex = 0; };
		A96E6C793AC4484EBBB37CAE /* Entypo.ttf */ = {isa = PBXFileReference; name = "Entypo.ttf"; path = "../node_modules/react-native-vector-icons/Fonts/Entypo.ttf"; sourceTree = "<group>"; fileEncoding = undefined; lastKnownFileType = unknown; explicitFileType = undefined; includeInIndex = 0; };
		17EAE9913AF1463F9F519B27 /* EvilIcons.ttf */ = {isa = PBXFileReference; name = "EvilIcons.ttf"; path = "../node_modules/react-native-vector-icons/Fonts/EvilIcons.ttf"; sourceTree = "<group>"; fileEncoding = undefined; lastKnownFileType = unknown; explicitFileType = undefined; includeInIndex = 0; };
		37C40A0CA710422C9C687C4E /* Feather.ttf */ = {isa = PBXFileReference; name = "Feather.ttf"; path = "../node_modules/react-native-vector-icons/Fonts/Feather.ttf"; sourceTree = "<group>"; fileEncoding = undefined; lastKnownFileType = unknown; explicitFileType = undefined; includeInIndex = 0; };
		67BD882617764141B1DD7A9E /* FontAwesome.ttf */ = {isa = PBXFileReference; name = "FontAwesome.ttf"; path = "../node_modules/react-native-vector-icons/Fonts/FontAwesome.ttf"; sourceTree = "<group>"; fileEncoding = undefined; lastKnownFileType = unknown; explicitFileType = undefined; includeInIndex = 0; };
		2BD1134DE5CC46E1AC36CCA0 /* FontAwesome5_Brands.ttf */ = {isa = PBXFileReference; name = "FontAwesome5_Brands.ttf"; path = "../node_modules/react-native-vector-icons/Fonts/FontAwesome5_Brands.ttf"; sourceTree = "<group>"; fileEncoding = undefined; lastKnownFileType = unknown; explicitFileType = undefined; includeInIndex = 0; };
		D1AFA13690854A81B9D72939 /* FontAwesome5_Regular.ttf */ = {isa = PBXFileReference; name = "FontAwesome5_Regular.ttf"; path = "../node_modules/react-native-vector-icons/Fonts/FontAwesome5_Regular.ttf"; sourceTree = "<group>"; fileEncoding = undefined; lastKnownFileType = unknown; explicitFileType = undefined; includeInIndex = 0; };
		C00DBA6A4B17471BB1E852C2 /* FontAwesome5_Solid.ttf */ = {isa = PBXFileReference; name = "FontAwesome5_Solid.ttf"; path = "../node_modules/react-native-vector-icons/Fonts/FontAwesome5_Solid.ttf"; sourceTree = "<group>"; fileEncoding = undefined; lastKnownFileType = unknown; explicitFileType = undefined; includeInIndex = 0; };
		54F64D17581D428FAFBC23C0 /* Fontisto.ttf */ = {isa = PBXFileReference; name = "Fontisto.ttf"; path = "../node_modules/react-native-vector-icons/Fonts/Fontisto.ttf"; sourceTree = "<group>"; fileEncoding = undefined; lastKnownFileType = unknown; explicitFileType = undefined; includeInIndex = 0; };
		6C1710CFDE7249C4A6A115F5 /* Foundation.ttf */ = {isa = PBXFileReference; name = "Foundation.ttf"; path = "../node_modules/react-native-vector-icons/Fonts/Foundation.ttf"; sourceTree = "<group>"; fileEncoding = undefined; lastKnownFileType = unknown; explicitFileType = undefined; includeInIndex = 0; };
		653BEF2BBC4A477F9E1411F2 /* Ionicons.ttf */ = {isa = PBXFileReference; name = "Ionicons.ttf"; path = "../node_modules/react-native-vector-icons/Fonts/Ionicons.ttf"; sourceTree = "<group>"; fileEncoding = undefined; lastKnownFileType = unknown; explicitFileType = undefined; includeInIndex = 0; };
		BFC30E08A6FC426692BB5DCB /* MaterialCommunityIcons.ttf */ = {isa = PBXFileReference; name = "MaterialCommunityIcons.ttf"; path = "../node_modules/react-native-vector-icons/Fonts/MaterialCommunityIcons.ttf"; sourceTree = "<group>"; fileEncoding = undefined; lastKnownFileType = unknown; explicitFileType = undefined; includeInIndex = 0; };
		FEBEE9C0B69C49F6B775D8D1 /* MaterialIcons.ttf */ = {isa = PBXFileReference; name = "MaterialIcons.ttf"; path = "../node_modules/react-native-vector-icons/Fonts/MaterialIcons.ttf"; sourceTree = "<group>"; fileEncoding = undefined; lastKnownFileType = unknown; explicitFileType = undefined; includeInIndex = 0; };
		90BE0294D0A1402F8B77A563 /* Octicons.ttf */ = {isa = PBXFileReference; name = "Octicons.ttf"; path = "../node_modules/react-native-vector-icons/Fonts/Octicons.ttf"; sourceTree = "<group>"; fileEncoding = undefined; lastKnownFileType = unknown; explicitFileType = undefined; includeInIndex = 0; };
		D4B2020CC9D74DC49CE45C78 /* SimpleLineIcons.ttf */ = {isa = PBXFileReference; name = "SimpleLineIcons.ttf"; path = "../node_modules/react-native-vector-icons/Fonts/SimpleLineIcons.ttf"; sourceTree = "<group>"; fileEncoding = undefined; lastKnownFileType = unknown; explicitFileType = undefined; includeInIndex = 0; };
		BDE1A4DD3766479982F96A3E /* Zocial.ttf */ = {isa = PBXFileReference; name = "Zocial.ttf"; path = "../node_modules/react-native-vector-icons/Fonts/Zocial.ttf"; sourceTree = "<group>"; fileEncoding = undefined; lastKnownFileType = unknown; explicitFileType = undefined; includeInIndex = 0; };
		2EE7406D1AA04ECCB8AD4B42 /* Roboto-Black.ttf */ = {isa = PBXFileReference; name = "Roboto-Black.ttf"; path = "../assets/fonts/Roboto-Black.ttf"; sourceTree = "<group>"; fileEncoding = undefined; lastKnownFileType = unknown; explicitFileType = undefined; includeInIndex = 0; };
		C4417E9E95AE4B648494685C /* Roboto-BlackItalic.ttf */ = {isa = PBXFileReference; name = "Roboto-BlackItalic.ttf"; path = "../assets/fonts/Roboto-BlackItalic.ttf"; sourceTree = "<group>"; fileEncoding = undefined; lastKnownFileType = unknown; explicitFileType = undefined; includeInIndex = 0; };
		5214C2F859EA44319D9A8DE7 /* Roboto-Bold.ttf */ = {isa = PBXFileReference; name = "Roboto-Bold.ttf"; path = "../assets/fonts/Roboto-Bold.ttf"; sourceTree = "<group>"; fileEncoding = undefined; lastKnownFileType = unknown; explicitFileType = undefined; includeInIndex = 0; };
		5167E1027EBA420EB8D63B7D /* Roboto-BoldItalic.ttf */ = {isa = PBXFileReference; name = "Roboto-BoldItalic.ttf"; path = "../assets/fonts/Roboto-BoldItalic.ttf"; sourceTree = "<group>"; fileEncoding = undefined; lastKnownFileType = unknown; explicitFileType = undefined; includeInIndex = 0; };
		148704670CB94B11BF614145 /* Roboto-Italic.ttf */ = {isa = PBXFileReference; name = "Roboto-Italic.ttf"; path = "../assets/fonts/Roboto-Italic.ttf"; sourceTree = "<group>"; fileEncoding = undefined; lastKnownFileType = unknown; explicitFileType = undefined; includeInIndex = 0; };
		B43CE98CE2AF4D2D931F98DE /* Roboto-Light.ttf */ = {isa = PBXFileReference; name = "Roboto-Light.ttf"; path = "../assets/fonts/Roboto-Light.ttf"; sourceTree = "<group>"; fileEncoding = undefined; lastKnownFileType = unknown; explicitFileType = undefined; includeInIndex = 0; };
		20555B91DF504B8993453134 /* Roboto-LightItalic.ttf */ = {isa = PBXFileReference; name = "Roboto-LightItalic.ttf"; path = "../assets/fonts/Roboto-LightItalic.ttf"; sourceTree = "<group>"; fileEncoding = undefined; lastKnownFileType = unknown; explicitFileType = undefined; includeInIndex = 0; };
		A842255EB4F94B18A3B195FB /* Roboto-Medium.ttf */ = {isa = PBXFileReference; name = "Roboto-Medium.ttf"; path = "../assets/fonts/Roboto-Medium.ttf"; sourceTree = "<group>"; fileEncoding = undefined; lastKnownFileType = unknown; explicitFileType = undefined; includeInIndex = 0; };
		E2FA1AFCDB7A4C269A8E4985 /* Roboto-MediumItalic.ttf */ = {isa = PBXFileReference; name = "Roboto-MediumItalic.ttf"; path = "../assets/fonts/Roboto-MediumItalic.ttf"; sourceTree = "<group>"; fileEncoding = undefined; lastKnownFileType = unknown; explicitFileType = undefined; includeInIndex = 0; };
		690866FCA9E64D25A04E137C /* Roboto-Regular.ttf */ = {isa = PBXFileReference; name = "Roboto-Regular.ttf"; path = "../assets/fonts/Roboto-Regular.ttf"; sourceTree = "<group>"; fileEncoding = undefined; lastKnownFileType = unknown; explicitFileType = undefined; includeInIndex = 0; };
		BEA91B08649B4123B499A360 /* Roboto-Thin.ttf */ = {isa = PBXFileReference; name = "Roboto-Thin.ttf"; path = "../assets/fonts/Roboto-Thin.ttf"; sourceTree = "<group>"; fileEncoding = undefined; lastKnownFileType = unknown; explicitFileType = undefined; includeInIndex = 0; };
		46177FC89FCD48EB9FA4FFA9 /* Roboto-ThinItalic.ttf */ = {isa = PBXFileReference; name = "Roboto-ThinItalic.ttf"; path = "../assets/fonts/Roboto-ThinItalic.ttf"; sourceTree = "<group>"; fileEncoding = undefined; lastKnownFileType = unknown; explicitFileType = undefined; includeInIndex = 0; };
		EB7D56141F8D46B8831B5ED2 /* Nunito-Black.ttf */ = {isa = PBXFileReference; name = "Nunito-Black.ttf"; path = "../assets/fonts/Nunito-Black.ttf"; sourceTree = "<group>"; fileEncoding = undefined; lastKnownFileType = unknown; explicitFileType = undefined; includeInIndex = 0; };
		A7C487FF350F4196B97BFC95 /* Nunito-BlackItalic.ttf */ = {isa = PBXFileReference; name = "Nunito-BlackItalic.ttf"; path = "../assets/fonts/Nunito-BlackItalic.ttf"; sourceTree = "<group>"; fileEncoding = undefined; lastKnownFileType = unknown; explicitFileType = undefined; includeInIndex = 0; };
		AD5F7E5C385B4CA49BA57B9D /* Nunito-Bold.ttf */ = {isa = PBXFileReference; name = "Nunito-Bold.ttf"; path = "../assets/fonts/Nunito-Bold.ttf"; sourceTree = "<group>"; fileEncoding = undefined; lastKnownFileType = unknown; explicitFileType = undefined; includeInIndex = 0; };
		2248BB7318514557895047A4 /* Nunito-BoldItalic.ttf */ = {isa = PBXFileReference; name = "Nunito-BoldItalic.ttf"; path = "../assets/fonts/Nunito-BoldItalic.ttf"; sourceTree = "<group>"; fileEncoding = undefined; lastKnownFileType = unknown; explicitFileType = undefined; includeInIndex = 0; };
		39BEC7E9FFD04B35AE2274CE /* Nunito-ExtraBold.ttf */ = {isa = PBXFileReference; name = "Nunito-ExtraBold.ttf"; path = "../assets/fonts/Nunito-ExtraBold.ttf"; sourceTree = "<group>"; fileEncoding = undefined; lastKnownFileType = unknown; explicitFileType = undefined; includeInIndex = 0; };
		847A33F801294D48BA852CA7 /* Nunito-ExtraBoldItalic.ttf */ = {isa = PBXFileReference; name = "Nunito-ExtraBoldItalic.ttf"; path = "../assets/fonts/Nunito-ExtraBoldItalic.ttf"; sourceTree = "<group>"; fileEncoding = undefined; lastKnownFileType = unknown; explicitFileType = undefined; includeInIndex = 0; };
		2FBC4E6702654D2391F10322 /* Nunito-ExtraLight.ttf */ = {isa = PBXFileReference; name = "Nunito-ExtraLight.ttf"; path = "../assets/fonts/Nunito-ExtraLight.ttf"; sourceTree = "<group>"; fileEncoding = undefined; lastKnownFileType = unknown; explicitFileType = undefined; includeInIndex = 0; };
		50B3B60BFC9D46FC9237588E /* Nunito-ExtraLightItalic.ttf */ = {isa = PBXFileReference; name = "Nunito-ExtraLightItalic.ttf"; path = "../assets/fonts/Nunito-ExtraLightItalic.ttf"; sourceTree = "<group>"; fileEncoding = undefined; lastKnownFileType = unknown; explicitFileType = undefined; includeInIndex = 0; };
		095F4719F64F4331A63DCC6B /* Nunito-Italic.ttf */ = {isa = PBXFileReference; name = "Nunito-Italic.ttf"; path = "../assets/fonts/Nunito-Italic.ttf"; sourceTree = "<group>"; fileEncoding = undefined; lastKnownFileType = unknown; explicitFileType = undefined; includeInIndex = 0; };
		44E0767F6A0F45C8860424E9 /* Nunito-Light.ttf */ = {isa = PBXFileReference; name = "Nunito-Light.ttf"; path = "../assets/fonts/Nunito-Light.ttf"; sourceTree = "<group>"; fileEncoding = undefined; lastKnownFileType = unknown; explicitFileType = undefined; includeInIndex = 0; };
		47C979AE00BC4A82953C3597 /* Nunito-LightItalic.ttf */ = {isa = PBXFileReference; name = "Nunito-LightItalic.ttf"; path = "../assets/fonts/Nunito-LightItalic.ttf"; sourceTree = "<group>"; fileEncoding = undefined; lastKnownFileType = unknown; explicitFileType = undefined; includeInIndex = 0; };
		3BA40A2425E048D4A089D022 /* Nunito-Regular.ttf */ = {isa = PBXFileReference; name = "Nunito-Regular.ttf"; path = "../assets/fonts/Nunito-Regular.ttf"; sourceTree = "<group>"; fileEncoding = undefined; lastKnownFileType = unknown; explicitFileType = undefined; includeInIndex = 0; };
		4AF9707291CC43B098F1B9C0 /* Nunito-SemiBold.ttf */ = {isa = PBXFileReference; name = "Nunito-SemiBold.ttf"; path = "../assets/fonts/Nunito-SemiBold.ttf"; sourceTree = "<group>"; fileEncoding = undefined; lastKnownFileType = unknown; explicitFileType = undefined; includeInIndex = 0; };
		A3E5992CF94042CBB11793DD /* Nunito-SemiBoldItalic.ttf */ = {isa = PBXFileReference; name = "Nunito-SemiBoldItalic.ttf"; path = "../assets/fonts/Nunito-SemiBoldItalic.ttf"; sourceTree = "<group>"; fileEncoding = undefined; lastKnownFileType = unknown; explicitFileType = undefined; includeInIndex = 0; };
		725620F884D44346B653C8D4 /* ProductSans-Black.ttf */ = {isa = PBXFileReference; name = "ProductSans-Black.ttf"; path = "../assets/fonts/ProductSans-Black.ttf"; sourceTree = "<group>"; fileEncoding = undefined; lastKnownFileType = unknown; explicitFileType = undefined; includeInIndex = 0; };
		8AA2803B34A74CA289A44B96 /* ProductSans-BlackItalic.ttf */ = {isa = PBXFileReference; name = "ProductSans-BlackItalic.ttf"; path = "../assets/fonts/ProductSans-BlackItalic.ttf"; sourceTree = "<group>"; fileEncoding = undefined; lastKnownFileType = unknown; explicitFileType = undefined; includeInIndex = 0; };
		B8E201B3D90B4A5CB0EAEE74 /* ProductSans-Bold.ttf */ = {isa = PBXFileReference; name = "ProductSans-Bold.ttf"; path = "../assets/fonts/ProductSans-Bold.ttf"; sourceTree = "<group>"; fileEncoding = undefined; lastKnownFileType = unknown; explicitFileType = undefined; includeInIndex = 0; };
		2009CF333B41457EBFD75E89 /* ProductSans-BoldItalic.ttf */ = {isa = PBXFileReference; name = "ProductSans-BoldItalic.ttf"; path = "../assets/fonts/ProductSans-BoldItalic.ttf"; sourceTree = "<group>"; fileEncoding = undefined; lastKnownFileType = unknown; explicitFileType = undefined; includeInIndex = 0; };
		DAB9745E59524BF8BFB2386F /* ProductSans-Italic.ttf */ = {isa = PBXFileReference; name = "ProductSans-Italic.ttf"; path = "../assets/fonts/ProductSans-Italic.ttf"; sourceTree = "<group>"; fileEncoding = undefined; lastKnownFileType = unknown; explicitFileType = undefined; includeInIndex = 0; };
		C7B762C8A5544085966BFCFD /* ProductSans-Light.ttf */ = {isa = PBXFileReference; name = "ProductSans-Light.ttf"; path = "../assets/fonts/ProductSans-Light.ttf"; sourceTree = "<group>"; fileEncoding = undefined; lastKnownFileType = unknown; explicitFileType = undefined; includeInIndex = 0; };
		B3E9136BF1144ADFADBAD487 /* ProductSans-LightItalic.ttf */ = {isa = PBXFileReference; name = "ProductSans-LightItalic.ttf"; path = "../assets/fonts/ProductSans-LightItalic.ttf"; sourceTree = "<group>"; fileEncoding = undefined; lastKnownFileType = unknown; explicitFileType = undefined; includeInIndex = 0; };
		071EE1C25A6A49F796298C3A /* ProductSans-Medium.ttf */ = {isa = PBXFileReference; name = "ProductSans-Medium.ttf"; path = "../assets/fonts/ProductSans-Medium.ttf"; sourceTree = "<group>"; fileEncoding = undefined; lastKnownFileType = unknown; explicitFileType = undefined; includeInIndex = 0; };
		AD738D04FEC643D8A044CE8E /* ProductSans-MediumItalic.ttf */ = {isa = PBXFileReference; name = "ProductSans-MediumItalic.ttf"; path = "../assets/fonts/ProductSans-MediumItalic.ttf"; sourceTree = "<group>"; fileEncoding = undefined; lastKnownFileType = unknown; explicitFileType = undefined; includeInIndex = 0; };
		C86EFDAAF3184FA8BA581A17 /* ProductSans-Regular.ttf */ = {isa = PBXFileReference; name = "ProductSans-Regular.ttf"; path = "../assets/fonts/ProductSans-Regular.ttf"; sourceTree = "<group>"; fileEncoding = undefined; lastKnownFileType = unknown; explicitFileType = undefined; includeInIndex = 0; };
		DF3B71D3C2EC447386ADDA2A /* ProductSans-Thin.ttf */ = {isa = PBXFileReference; name = "ProductSans-Thin.ttf"; path = "../assets/fonts/ProductSans-Thin.ttf"; sourceTree = "<group>"; fileEncoding = undefined; lastKnownFileType = unknown; explicitFileType = undefined; includeInIndex = 0; };
		141AC3DF1B5F4B8E83D061E8 /* ProductSans-ThinItalic.ttf */ = {isa = PBXFileReference; name = "ProductSans-ThinItalic.ttf"; path = "../assets/fonts/ProductSans-ThinItalic.ttf"; sourceTree = "<group>"; fileEncoding = undefined; lastKnownFileType = unknown; explicitFileType = undefined; includeInIndex = 0; };
/* End PBXFileReference section */

/* Begin PBXFrameworksBuildPhase section */
		00E356EB1AD99517003FC87E /* Frameworks */ = {
			isa = PBXFrameworksBuildPhase;
			buildActionMask = 2147483647;
			files = (
			);
			runOnlyForDeploymentPostprocessing = 0;
		};
		13B07F8C1A680F5B00A75B9A /* Frameworks */ = {
			isa = PBXFrameworksBuildPhase;
			buildActionMask = 2147483647;
			files = (
			);
			runOnlyForDeploymentPostprocessing = 0;
		};
		2D02E4781E0B4A5D006451C7 /* Frameworks */ = {
			isa = PBXFrameworksBuildPhase;
			buildActionMask = 2147483647;
			files = (
			);
			runOnlyForDeploymentPostprocessing = 0;
		};
		2D02E48D1E0B4A5D006451C7 /* Frameworks */ = {
			isa = PBXFrameworksBuildPhase;
			buildActionMask = 2147483647;
			files = (
			);
			runOnlyForDeploymentPostprocessing = 0;
		};
/* End PBXFrameworksBuildPhase section */

/* Begin PBXGroup section */
		00E356EF1AD99517003FC87E /* alva_shopTests */ = {
			isa = PBXGroup;
			children = (
				00E356F21AD99517003FC87E /* alva_shopTests.m */,
				00E356F01AD99517003FC87E /* Supporting Files */,
			);
			path = alva_shopTests;
			sourceTree = "<group>";
		};
		00E356F01AD99517003FC87E /* Supporting Files */ = {
			isa = PBXGroup;
			children = (
				00E356F11AD99517003FC87E /* Info.plist */,
			);
			name = "Supporting Files";
			sourceTree = "<group>";
		};
		13B07FAE1A68108700A75B9A /* alva_shop */ = {
			isa = PBXGroup;
			children = (
				008F07F21AC5B25A0029DE68 /* main.jsbundle */,
				13B07FAF1A68108700A75B9A /* AppDelegate.h */,
				13B07FB01A68108700A75B9A /* AppDelegate.m */,
				13B07FB51A68108700A75B9A /* Images.xcassets */,
				13B07FB61A68108700A75B9A /* Info.plist */,
				81AB9BB72411601600AC10FF /* LaunchScreen.storyboard */,
				13B07FB71A68108700A75B9A /* main.m */,
			);
			name = alva_shop;
			sourceTree = "<group>";
		};
		2D16E6871FA4F8E400B85C8A /* Frameworks */ = {
			isa = PBXGroup;
			children = (
				ED297162215061F000B7C4FE /* JavaScriptCore.framework */,
				ED2971642150620600B7C4FE /* JavaScriptCore.framework */,
			);
			name = Frameworks;
			sourceTree = "<group>";
		};
		832341AE1AAA6A7D00B99B32 /* Libraries */ = {
			isa = PBXGroup;
			children = (
			);
			name = Libraries;
			sourceTree = "<group>";
		};
		83CBB9F61A601CBA00E9B192 = {
			isa = PBXGroup;
			children = (
				13B07FAE1A68108700A75B9A /* alva_shop */,
				832341AE1AAA6A7D00B99B32 /* Libraries */,
				00E356EF1AD99517003FC87E /* alva_shopTests */,
				83CBBA001A601CBA00E9B192 /* Products */,
				2D16E6871FA4F8E400B85C8A /* Frameworks */,
				5229292C082F475CB516F55F /* Resources */,
			);
			indentWidth = 2;
			sourceTree = "<group>";
			tabWidth = 2;
			usesTabs = 0;
		};
		83CBBA001A601CBA00E9B192 /* Products */ = {
			isa = PBXGroup;
			children = (
				13B07F961A680F5B00A75B9A /* alva_shop.app */,
				00E356EE1AD99517003FC87E /* alva_shopTests.xctest */,
				2D02E47B1E0B4A5D006451C7 /* alva_shop-tvOS.app */,
				2D02E4901E0B4A5D006451C7 /* alva_shop-tvOSTests.xctest */,
			);
			name = Products;
			sourceTree = "<group>";
		};
		5229292C082F475CB516F55F /* Resources */ = {
			isa = "PBXGroup";
			children = (
				E732EEB9684448EDB20B5871 /* AntDesign.ttf */,
				A96E6C793AC4484EBBB37CAE /* Entypo.ttf */,
				17EAE9913AF1463F9F519B27 /* EvilIcons.ttf */,
				37C40A0CA710422C9C687C4E /* Feather.ttf */,
				67BD882617764141B1DD7A9E /* FontAwesome.ttf */,
				2BD1134DE5CC46E1AC36CCA0 /* FontAwesome5_Brands.ttf */,
				D1AFA13690854A81B9D72939 /* FontAwesome5_Regular.ttf */,
				C00DBA6A4B17471BB1E852C2 /* FontAwesome5_Solid.ttf */,
				54F64D17581D428FAFBC23C0 /* Fontisto.ttf */,
				6C1710CFDE7249C4A6A115F5 /* Foundation.ttf */,
				653BEF2BBC4A477F9E1411F2 /* Ionicons.ttf */,
				BFC30E08A6FC426692BB5DCB /* MaterialCommunityIcons.ttf */,
				FEBEE9C0B69C49F6B775D8D1 /* MaterialIcons.ttf */,
				90BE0294D0A1402F8B77A563 /* Octicons.ttf */,
				D4B2020CC9D74DC49CE45C78 /* SimpleLineIcons.ttf */,
				BDE1A4DD3766479982F96A3E /* Zocial.ttf */,
				2EE7406D1AA04ECCB8AD4B42 /* Roboto-Black.ttf */,
				C4417E9E95AE4B648494685C /* Roboto-BlackItalic.ttf */,
				5214C2F859EA44319D9A8DE7 /* Roboto-Bold.ttf */,
				5167E1027EBA420EB8D63B7D /* Roboto-BoldItalic.ttf */,
				148704670CB94B11BF614145 /* Roboto-Italic.ttf */,
				B43CE98CE2AF4D2D931F98DE /* Roboto-Light.ttf */,
				20555B91DF504B8993453134 /* Roboto-LightItalic.ttf */,
				A842255EB4F94B18A3B195FB /* Roboto-Medium.ttf */,
				E2FA1AFCDB7A4C269A8E4985 /* Roboto-MediumItalic.ttf */,
				690866FCA9E64D25A04E137C /* Roboto-Regular.ttf */,
				BEA91B08649B4123B499A360 /* Roboto-Thin.ttf */,
				46177FC89FCD48EB9FA4FFA9 /* Roboto-ThinItalic.ttf */,
				EB7D56141F8D46B8831B5ED2 /* Nunito-Black.ttf */,
				A7C487FF350F4196B97BFC95 /* Nunito-BlackItalic.ttf */,
				AD5F7E5C385B4CA49BA57B9D /* Nunito-Bold.ttf */,
				2248BB7318514557895047A4 /* Nunito-BoldItalic.ttf */,
				39BEC7E9FFD04B35AE2274CE /* Nunito-ExtraBold.ttf */,
				847A33F801294D48BA852CA7 /* Nunito-ExtraBoldItalic.ttf */,
				2FBC4E6702654D2391F10322 /* Nunito-ExtraLight.ttf */,
				50B3B60BFC9D46FC9237588E /* Nunito-ExtraLightItalic.ttf */,
				095F4719F64F4331A63DCC6B /* Nunito-Italic.ttf */,
				44E0767F6A0F45C8860424E9 /* Nunito-Light.ttf */,
				47C979AE00BC4A82953C3597 /* Nunito-LightItalic.ttf */,
				3BA40A2425E048D4A089D022 /* Nunito-Regular.ttf */,
				4AF9707291CC43B098F1B9C0 /* Nunito-SemiBold.ttf */,
				A3E5992CF94042CBB11793DD /* Nunito-SemiBoldItalic.ttf */,
				725620F884D44346B653C8D4 /* ProductSans-Black.ttf */,
				8AA2803B34A74CA289A44B96 /* ProductSans-BlackItalic.ttf */,
				B8E201B3D90B4A5CB0EAEE74 /* ProductSans-Bold.ttf */,
				2009CF333B41457EBFD75E89 /* ProductSans-BoldItalic.ttf */,
				DAB9745E59524BF8BFB2386F /* ProductSans-Italic.ttf */,
				C7B762C8A5544085966BFCFD /* ProductSans-Light.ttf */,
				B3E9136BF1144ADFADBAD487 /* ProductSans-LightItalic.ttf */,
				071EE1C25A6A49F796298C3A /* ProductSans-Medium.ttf */,
				AD738D04FEC643D8A044CE8E /* ProductSans-MediumItalic.ttf */,
				C86EFDAAF3184FA8BA581A17 /* ProductSans-Regular.ttf */,
				DF3B71D3C2EC447386ADDA2A /* ProductSans-Thin.ttf */,
				141AC3DF1B5F4B8E83D061E8 /* ProductSans-ThinItalic.ttf */,
			);
			name = Resources;
			sourceTree = "<group>";
			path = "";
		};
/* End PBXGroup section */

/* Begin PBXNativeTarget section */
		00E356ED1AD99517003FC87E /* alva_shopTests */ = {
			isa = PBXNativeTarget;
			buildConfigurationList = 00E357021AD99517003FC87E /* Build configuration list for PBXNativeTarget "alva_shopTests" */;
			buildPhases = (
				00E356EA1AD99517003FC87E /* Sources */,
				00E356EB1AD99517003FC87E /* Frameworks */,
				00E356EC1AD99517003FC87E /* Resources */,
			);
			buildRules = (
			);
			dependencies = (
				00E356F51AD99517003FC87E /* PBXTargetDependency */,
			);
			name = alva_shopTests;
			productName = alva_shopTests;
			productReference = 00E356EE1AD99517003FC87E /* alva_shopTests.xctest */;
			productType = "com.apple.product-type.bundle.unit-test";
		};
		13B07F861A680F5B00A75B9A /* alva_shop */ = {
			isa = PBXNativeTarget;
			buildConfigurationList = 13B07F931A680F5B00A75B9A /* Build configuration list for PBXNativeTarget "alva_shop" */;
			buildPhases = (
				FD10A7F022414F080027D42C /* Start Packager */,
				13B07F871A680F5B00A75B9A /* Sources */,
				13B07F8C1A680F5B00A75B9A /* Frameworks */,
				13B07F8E1A680F5B00A75B9A /* Resources */,
				00DD1BFF1BD5951E006B06BC /* Bundle React Native code and images */,
			);
			buildRules = (
			);
			dependencies = (
			);
			name = alva_shop;
			productName = alva_shop;
			productReference = 13B07F961A680F5B00A75B9A /* alva_shop.app */;
			productType = "com.apple.product-type.application";
		};
		2D02E47A1E0B4A5D006451C7 /* alva_shop-tvOS */ = {
			isa = PBXNativeTarget;
			buildConfigurationList = 2D02E4BA1E0B4A5E006451C7 /* Build configuration list for PBXNativeTarget "alva_shop-tvOS" */;
			buildPhases = (
				FD10A7F122414F3F0027D42C /* Start Packager */,
				2D02E4771E0B4A5D006451C7 /* Sources */,
				2D02E4781E0B4A5D006451C7 /* Frameworks */,
				2D02E4791E0B4A5D006451C7 /* Resources */,
				2D02E4CB1E0B4B27006451C7 /* Bundle React Native Code And Images */,
			);
			buildRules = (
			);
			dependencies = (
			);
			name = "alva_shop-tvOS";
			productName = "alva_shop-tvOS";
			productReference = 2D02E47B1E0B4A5D006451C7 /* alva_shop-tvOS.app */;
			productType = "com.apple.product-type.application";
		};
		2D02E48F1E0B4A5D006451C7 /* alva_shop-tvOSTests */ = {
			isa = PBXNativeTarget;
			buildConfigurationList = 2D02E4BB1E0B4A5E006451C7 /* Build configuration list for PBXNativeTarget "alva_shop-tvOSTests" */;
			buildPhases = (
				2D02E48C1E0B4A5D006451C7 /* Sources */,
				2D02E48D1E0B4A5D006451C7 /* Frameworks */,
				2D02E48E1E0B4A5D006451C7 /* Resources */,
			);
			buildRules = (
			);
			dependencies = (
				2D02E4921E0B4A5D006451C7 /* PBXTargetDependency */,
			);
			name = "alva_shop-tvOSTests";
			productName = "alva_shop-tvOSTests";
			productReference = 2D02E4901E0B4A5D006451C7 /* alva_shop-tvOSTests.xctest */;
			productType = "com.apple.product-type.bundle.unit-test";
		};
/* End PBXNativeTarget section */

/* Begin PBXProject section */
		83CBB9F71A601CBA00E9B192 /* Project object */ = {
			isa = PBXProject;
			attributes = {
				LastUpgradeCheck = 1130;
				TargetAttributes = {
					00E356ED1AD99517003FC87E = {
						CreatedOnToolsVersion = 6.2;
						TestTargetID = 13B07F861A680F5B00A75B9A;
					};
					13B07F861A680F5B00A75B9A = {
						LastSwiftMigration = 1120;
					};
					2D02E47A1E0B4A5D006451C7 = {
						CreatedOnToolsVersion = 8.2.1;
						ProvisioningStyle = Automatic;
					};
					2D02E48F1E0B4A5D006451C7 = {
						CreatedOnToolsVersion = 8.2.1;
						ProvisioningStyle = Automatic;
						TestTargetID = 2D02E47A1E0B4A5D006451C7;
					};
				};
			};
			buildConfigurationList = 83CBB9FA1A601CBA00E9B192 /* Build configuration list for PBXProject "alva_shop" */;
			compatibilityVersion = "Xcode 3.2";
			developmentRegion = en;
			hasScannedForEncodings = 0;
			knownRegions = (
				en,
				Base,
			);
			mainGroup = 83CBB9F61A601CBA00E9B192;
			productRefGroup = 83CBBA001A601CBA00E9B192 /* Products */;
			projectDirPath = "";
			projectRoot = "";
			targets = (
				13B07F861A680F5B00A75B9A /* alva_shop */,
				00E356ED1AD99517003FC87E /* alva_shopTests */,
				2D02E47A1E0B4A5D006451C7 /* alva_shop-tvOS */,
				2D02E48F1E0B4A5D006451C7 /* alva_shop-tvOSTests */,
			);
		};
/* End PBXProject section */

/* Begin PBXResourcesBuildPhase section */
		00E356EC1AD99517003FC87E /* Resources */ = {
			isa = PBXResourcesBuildPhase;
			buildActionMask = 2147483647;
			files = (
			);
			runOnlyForDeploymentPostprocessing = 0;
		};
		13B07F8E1A680F5B00A75B9A /* Resources */ = {
			isa = PBXResourcesBuildPhase;
			buildActionMask = 2147483647;
			files = (
				81AB9BB82411601600AC10FF /* LaunchScreen.storyboard in Resources */,
				13B07FBF1A68108700A75B9A /* Images.xcassets in Resources */,
				4ACBBAC8024042FCAB45F352 /* AntDesign.ttf in Resources */,
				69916FA3B96C4D1497E946DF /* Entypo.ttf in Resources */,
				D01E9944F88645DF87095C84 /* EvilIcons.ttf in Resources */,
				99D487EF8709478DAC78F175 /* Feather.ttf in Resources */,
				73D9611AD2434261BC385C2F /* FontAwesome.ttf in Resources */,
				E2E725538E2A4720837E7C8B /* FontAwesome5_Brands.ttf in Resources */,
				954602D0E0FB4B5C9F507B12 /* FontAwesome5_Regular.ttf in Resources */,
				1B1A2FE9C84349E48EB3202F /* FontAwesome5_Solid.ttf in Resources */,
				7A2192B39C6A4C29BEA32AB3 /* Fontisto.ttf in Resources */,
				D047FA5C80E7425E9BC43AB1 /* Foundation.ttf in Resources */,
				7DAF8520E3934593B86CEBDA /* Ionicons.ttf in Resources */,
				DB5CD30381954B5DA52023C5 /* MaterialCommunityIcons.ttf in Resources */,
				E0DF1A030A584B339CA7CB51 /* MaterialIcons.ttf in Resources */,
				FC84ABB098F94AC6909AA038 /* Octicons.ttf in Resources */,
				2A4E3D50AEF34BA9A1AADA2A /* SimpleLineIcons.ttf in Resources */,
				5B1588C13F7D4ADCBB144FEB /* Zocial.ttf in Resources */,
				44BFAFA1C01B4577AF8711A6 /* Roboto-Black.ttf in Resources */,
				44FC1059BD6C4C7388FBAB2B /* Roboto-BlackItalic.ttf in Resources */,
				42D749AB3545460DA019D5B4 /* Roboto-Bold.ttf in Resources */,
				F2E4D23E73794632AE99470F /* Roboto-BoldItalic.ttf in Resources */,
				B9FE8F9608D34C42B1C3D868 /* Roboto-Italic.ttf in Resources */,
				B6F42A349FC044A7946A2250 /* Roboto-Light.ttf in Resources */,
				04E8AB453C2C4D809F9B681F /* Roboto-LightItalic.ttf in Resources */,
				F1E4170A6CA04412B69CA02F /* Roboto-Medium.ttf in Resources */,
				6FC8CC5E74474C07989C1E0B /* Roboto-MediumItalic.ttf in Resources */,
				BEE3653121DE4BD2A65E228D /* Roboto-Regular.ttf in Resources */,
				CE64BA3C50924B9FB19F8C46 /* Roboto-Thin.ttf in Resources */,
				69C45EF70DE5419E98F26639 /* Roboto-ThinItalic.ttf in Resources */,
				DA5AEBF4A63D4CE58FEAB0DD /* Nunito-Black.ttf in Resources */,
				FB3F14609AA3410BA240B3F1 /* Nunito-BlackItalic.ttf in Resources */,
				1D4E4DF4A86A4DD58FEBA69E /* Nunito-Bold.ttf in Resources */,
				9ED620FAE9E94296A7D8AEAA /* Nunito-BoldItalic.ttf in Resources */,
				865428897B14462EA43BFE29 /* Nunito-ExtraBold.ttf in Resources */,
				02AC3CAE12F04C5FA102EBD5 /* Nunito-ExtraBoldItalic.ttf in Resources */,
				ED34ACDE7B74435BB7148E55 /* Nunito-ExtraLight.ttf in Resources */,
				0D1DE506C59C4E2796CF2572 /* Nunito-ExtraLightItalic.ttf in Resources */,
				E2C11FC1076B4DAB88809580 /* Nunito-Italic.ttf in Resources */,
				F70D1EF2F65B46D6A59249D5 /* Nunito-Light.ttf in Resources */,
				A3C56C7F8700414D9A4D96E1 /* Nunito-LightItalic.ttf in Resources */,
				398D3330179940BAA107EF76 /* Nunito-Regular.ttf in Resources */,
				338C2CBC6426474E9DFBDF9F /* Nunito-SemiBold.ttf in Resources */,
				10211A838BA94FDD994D7E27 /* Nunito-SemiBoldItalic.ttf in Resources */,
				BF60DDA89CC24DAB8C817079 /* ProductSans-Black.ttf in Resources */,
				E31FF1623CB64F0E9E1C2D05 /* ProductSans-BlackItalic.ttf in Resources */,
				DAC0D99FEBBA4117887B8C57 /* ProductSans-Bold.ttf in Resources */,
				7CD8F9F713844018842A1812 /* ProductSans-BoldItalic.ttf in Resources */,
				BF427075FDCE432DB8DB85A4 /* ProductSans-Italic.ttf in Resources */,
				BF2664AB61E84ED7AC4F466B /* ProductSans-Light.ttf in Resources */,
				88865499B236466EA0880C65 /* ProductSans-LightItalic.ttf in Resources */,
				08842EB3F6694CFCA2446A8E /* ProductSans-Medium.ttf in Resources */,
				75FBF89724F145BE8E9BF8EB /* ProductSans-MediumItalic.ttf in Resources */,
				C3FFD3BA0B2143F2B750CC72 /* ProductSans-Regular.ttf in Resources */,
				EC9D0844A28A413D923208BF /* ProductSans-Thin.ttf in Resources */,
				3565B48760124DC990FD6918 /* ProductSans-ThinItalic.ttf in Resources */,
			);
			runOnlyForDeploymentPostprocessing = 0;
		};
		2D02E4791E0B4A5D006451C7 /* Resources */ = {
			isa = PBXResourcesBuildPhase;
			buildActionMask = 2147483647;
			files = (
				2D02E4BD1E0B4A84006451C7 /* Images.xcassets in Resources */,
			);
			runOnlyForDeploymentPostprocessing = 0;
		};
		2D02E48E1E0B4A5D006451C7 /* Resources */ = {
			isa = PBXResourcesBuildPhase;
			buildActionMask = 2147483647;
			files = (
			);
			runOnlyForDeploymentPostprocessing = 0;
		};
/* End PBXResourcesBuildPhase section */

/* Begin PBXShellScriptBuildPhase section */
		00DD1BFF1BD5951E006B06BC /* Bundle React Native code and images */ = {
			isa = PBXShellScriptBuildPhase;
			buildActionMask = 2147483647;
			files = (
			);
			inputPaths = (
			);
			name = "Bundle React Native code and images";
			outputPaths = (
			);
			runOnlyForDeploymentPostprocessing = 0;
			shellPath = /bin/sh;
			shellScript = "export NODE_BINARY=node\n../node_modules/react-native/scripts/react-native-xcode.sh";
		};
		2D02E4CB1E0B4B27006451C7 /* Bundle React Native Code And Images */ = {
			isa = PBXShellScriptBuildPhase;
			buildActionMask = 2147483647;
			files = (
			);
			inputPaths = (
			);
			name = "Bundle React Native Code And Images";
			outputPaths = (
			);
			runOnlyForDeploymentPostprocessing = 0;
			shellPath = /bin/sh;
			shellScript = "export NODE_BINARY=node\n../node_modules/react-native/scripts/react-native-xcode.sh";
		};
		FD10A7F022414F080027D42C /* Start Packager */ = {
			isa = PBXShellScriptBuildPhase;
			buildActionMask = 2147483647;
			files = (
			);
			inputFileListPaths = (
			);
			inputPaths = (
			);
			name = "Start Packager";
			outputFileListPaths = (
			);
			outputPaths = (
			);
			runOnlyForDeploymentPostprocessing = 0;
			shellPath = /bin/sh;
			shellScript = "export RCT_METRO_PORT=\"${RCT_METRO_PORT:=8081}\"\necho \"export RCT_METRO_PORT=${RCT_METRO_PORT}\" > \"${SRCROOT}/../node_modules/react-native/scripts/.packager.env\"\nif [ -z \"${RCT_NO_LAUNCH_PACKAGER+xxx}\" ] ; then\n  if nc -w 5 -z localhost ${RCT_METRO_PORT} ; then\n    if ! curl -s \"http://localhost:${RCT_METRO_PORT}/status\" | grep -q \"packager-status:running\" ; then\n      echo \"Port ${RCT_METRO_PORT} already in use, packager is either not running or not running correctly\"\n      exit 2\n    fi\n  else\n    open \"$SRCROOT/../node_modules/react-native/scripts/launchPackager.command\" || echo \"Can't start packager automatically\"\n  fi\nfi\n";
			showEnvVarsInLog = 0;
		};
		FD10A7F122414F3F0027D42C /* Start Packager */ = {
			isa = PBXShellScriptBuildPhase;
			buildActionMask = 2147483647;
			files = (
			);
			inputFileListPaths = (
			);
			inputPaths = (
			);
			name = "Start Packager";
			outputFileListPaths = (
			);
			outputPaths = (
			);
			runOnlyForDeploymentPostprocessing = 0;
			shellPath = /bin/sh;
			shellScript = "export RCT_METRO_PORT=\"${RCT_METRO_PORT:=8081}\"\necho \"export RCT_METRO_PORT=${RCT_METRO_PORT}\" > \"${SRCROOT}/../node_modules/react-native/scripts/.packager.env\"\nif [ -z \"${RCT_NO_LAUNCH_PACKAGER+xxx}\" ] ; then\n  if nc -w 5 -z localhost ${RCT_METRO_PORT} ; then\n    if ! curl -s \"http://localhost:${RCT_METRO_PORT}/status\" | grep -q \"packager-status:running\" ; then\n      echo \"Port ${RCT_METRO_PORT} already in use, packager is either not running or not running correctly\"\n      exit 2\n    fi\n  else\n    open \"$SRCROOT/../node_modules/react-native/scripts/launchPackager.command\" || echo \"Can't start packager automatically\"\n  fi\nfi\n";
			showEnvVarsInLog = 0;
		};
/* End PBXShellScriptBuildPhase section */

/* Begin PBXSourcesBuildPhase section */
		00E356EA1AD99517003FC87E /* Sources */ = {
			isa = PBXSourcesBuildPhase;
			buildActionMask = 2147483647;
			files = (
				00E356F31AD99517003FC87E /* alva_shopTests.m in Sources */,
			);
			runOnlyForDeploymentPostprocessing = 0;
		};
		13B07F871A680F5B00A75B9A /* Sources */ = {
			isa = PBXSourcesBuildPhase;
			buildActionMask = 2147483647;
			files = (
				13B07FBC1A68108700A75B9A /* AppDelegate.m in Sources */,
				13B07FC11A68108700A75B9A /* main.m in Sources */,
			);
			runOnlyForDeploymentPostprocessing = 0;
		};
		2D02E4771E0B4A5D006451C7 /* Sources */ = {
			isa = PBXSourcesBuildPhase;
			buildActionMask = 2147483647;
			files = (
				2D02E4BF1E0B4AB3006451C7 /* main.m in Sources */,
				2D02E4BC1E0B4A80006451C7 /* AppDelegate.m in Sources */,
			);
			runOnlyForDeploymentPostprocessing = 0;
		};
		2D02E48C1E0B4A5D006451C7 /* Sources */ = {
			isa = PBXSourcesBuildPhase;
			buildActionMask = 2147483647;
			files = (
				2DCD954D1E0B4F2C00145EB5 /* alva_shopTests.m in Sources */,
			);
			runOnlyForDeploymentPostprocessing = 0;
		};
/* End PBXSourcesBuildPhase section */

/* Begin PBXTargetDependency section */
		00E356F51AD99517003FC87E /* PBXTargetDependency */ = {
			isa = PBXTargetDependency;
			target = 13B07F861A680F5B00A75B9A /* alva_shop */;
			targetProxy = 00E356F41AD99517003FC87E /* PBXContainerItemProxy */;
		};
		2D02E4921E0B4A5D006451C7 /* PBXTargetDependency */ = {
			isa = PBXTargetDependency;
			target = 2D02E47A1E0B4A5D006451C7 /* alva_shop-tvOS */;
			targetProxy = 2D02E4911E0B4A5D006451C7 /* PBXContainerItemProxy */;
		};
/* End PBXTargetDependency section */

/* Begin XCBuildConfiguration section */
		00E356F61AD99517003FC87E /* Debug */ = {
			isa = XCBuildConfiguration;
			buildSettings = {
				BUNDLE_LOADER = "$(TEST_HOST)";
				GCC_PREPROCESSOR_DEFINITIONS = (
					"DEBUG=1",
					"$(inherited)",
				);
				INFOPLIST_FILE = alva_shopTests/Info.plist;
				IPHONEOS_DEPLOYMENT_TARGET = 10.0;
				LD_RUNPATH_SEARCH_PATHS = "$(inherited) @executable_path/Frameworks @loader_path/Frameworks";
				OTHER_LDFLAGS = (
					"-ObjC",
					"-lc++",
					"$(inherited)",
				);
				PRODUCT_BUNDLE_IDENTIFIER = "org.reactjs.native.example.$(PRODUCT_NAME:rfc1034identifier)";
				PRODUCT_NAME = "$(TARGET_NAME)";
				TEST_HOST = "$(BUILT_PRODUCTS_DIR)/alva_shop.app/alva_shop";
			};
			name = Debug;
		};
		00E356F71AD99517003FC87E /* Release */ = {
			isa = XCBuildConfiguration;
			buildSettings = {
				BUNDLE_LOADER = "$(TEST_HOST)";
				COPY_PHASE_STRIP = NO;
				INFOPLIST_FILE = alva_shopTests/Info.plist;
				IPHONEOS_DEPLOYMENT_TARGET = 10.0;
				LD_RUNPATH_SEARCH_PATHS = "$(inherited) @executable_path/Frameworks @loader_path/Frameworks";
				OTHER_LDFLAGS = (
					"-ObjC",
					"-lc++",
					"$(inherited)",
				);
				PRODUCT_BUNDLE_IDENTIFIER = "org.reactjs.native.example.$(PRODUCT_NAME:rfc1034identifier)";
				PRODUCT_NAME = "$(TARGET_NAME)";
				TEST_HOST = "$(BUILT_PRODUCTS_DIR)/alva_shop.app/alva_shop";
			};
			name = Release;
		};
		13B07F941A680F5B00A75B9A /* Debug */ = {
			isa = XCBuildConfiguration;
			buildSettings = {
				ASSETCATALOG_COMPILER_APPICON_NAME = AppIcon;
				CLANG_ENABLE_MODULES = YES;
				CURRENT_PROJECT_VERSION = 1;
				ENABLE_BITCODE = NO;
				INFOPLIST_FILE = alva_shop/Info.plist;
				LD_RUNPATH_SEARCH_PATHS = "$(inherited) @executable_path/Frameworks";
				OTHER_LDFLAGS = (
					"$(inherited)",
					"-ObjC",
					"-lc++",
				);
				PRODUCT_BUNDLE_IDENTIFIER = "org.reactjs.native.example.$(PRODUCT_NAME:rfc1034identifier)";
				PRODUCT_NAME = alva_shop;
				SWIFT_OPTIMIZATION_LEVEL = "-Onone";
				SWIFT_VERSION = 5.0;
				VERSIONING_SYSTEM = "apple-generic";
			};
			name = Debug;
		};
		13B07F951A680F5B00A75B9A /* Release */ = {
			isa = XCBuildConfiguration;
			buildSettings = {
				ASSETCATALOG_COMPILER_APPICON_NAME = AppIcon;
				CLANG_ENABLE_MODULES = YES;
				CURRENT_PROJECT_VERSION = 1;
				INFOPLIST_FILE = alva_shop/Info.plist;
				LD_RUNPATH_SEARCH_PATHS = "$(inherited) @executable_path/Frameworks";
				OTHER_LDFLAGS = (
					"$(inherited)",
					"-ObjC",
					"-lc++",
				);
				PRODUCT_BUNDLE_IDENTIFIER = "org.reactjs.native.example.$(PRODUCT_NAME:rfc1034identifier)";
				PRODUCT_NAME = alva_shop;
				SWIFT_VERSION = 5.0;
				VERSIONING_SYSTEM = "apple-generic";
			};
			name = Release;
		};
		2D02E4971E0B4A5E006451C7 /* Debug */ = {
			isa = XCBuildConfiguration;
			buildSettings = {
				ASSETCATALOG_COMPILER_APPICON_NAME = "App Icon & Top Shelf Image";
				ASSETCATALOG_COMPILER_LAUNCHIMAGE_NAME = LaunchImage;
				CLANG_ANALYZER_NONNULL = YES;
				CLANG_WARN_DOCUMENTATION_COMMENTS = YES;
				CLANG_WARN_INFINITE_RECURSION = YES;
				CLANG_WARN_SUSPICIOUS_MOVE = YES;
				DEBUG_INFORMATION_FORMAT = dwarf;
				ENABLE_TESTABILITY = YES;
				GCC_NO_COMMON_BLOCKS = YES;
				INFOPLIST_FILE = "alva_shop-tvOS/Info.plist";
				LD_RUNPATH_SEARCH_PATHS = "$(inherited) @executable_path/Frameworks";
				OTHER_LDFLAGS = (
					"$(inherited)",
					"-ObjC",
					"-lc++",
				);
				PRODUCT_BUNDLE_IDENTIFIER = "org.reactjs.native.example.alva_shop-tvOS";
				PRODUCT_NAME = "$(TARGET_NAME)";
				SDKROOT = appletvos;
				TARGETED_DEVICE_FAMILY = 3;
				TVOS_DEPLOYMENT_TARGET = 10.0;
			};
			name = Debug;
		};
		2D02E4981E0B4A5E006451C7 /* Release */ = {
			isa = XCBuildConfiguration;
			buildSettings = {
				ASSETCATALOG_COMPILER_APPICON_NAME = "App Icon & Top Shelf Image";
				ASSETCATALOG_COMPILER_LAUNCHIMAGE_NAME = LaunchImage;
				CLANG_ANALYZER_NONNULL = YES;
				CLANG_WARN_DOCUMENTATION_COMMENTS = YES;
				CLANG_WARN_INFINITE_RECURSION = YES;
				CLANG_WARN_SUSPICIOUS_MOVE = YES;
				COPY_PHASE_STRIP = NO;
				DEBUG_INFORMATION_FORMAT = "dwarf-with-dsym";
				GCC_NO_COMMON_BLOCKS = YES;
				INFOPLIST_FILE = "alva_shop-tvOS/Info.plist";
				LD_RUNPATH_SEARCH_PATHS = "$(inherited) @executable_path/Frameworks";
				OTHER_LDFLAGS = (
					"$(inherited)",
					"-ObjC",
					"-lc++",
				);
				PRODUCT_BUNDLE_IDENTIFIER = "org.reactjs.native.example.alva_shop-tvOS";
				PRODUCT_NAME = "$(TARGET_NAME)";
				SDKROOT = appletvos;
				TARGETED_DEVICE_FAMILY = 3;
				TVOS_DEPLOYMENT_TARGET = 10.0;
			};
			name = Release;
		};
		2D02E4991E0B4A5E006451C7 /* Debug */ = {
			isa = XCBuildConfiguration;
			buildSettings = {
				BUNDLE_LOADER = "$(TEST_HOST)";
				CLANG_ANALYZER_NONNULL = YES;
				CLANG_WARN_DOCUMENTATION_COMMENTS = YES;
				CLANG_WARN_INFINITE_RECURSION = YES;
				CLANG_WARN_SUSPICIOUS_MOVE = YES;
				DEBUG_INFORMATION_FORMAT = dwarf;
				ENABLE_TESTABILITY = YES;
				GCC_NO_COMMON_BLOCKS = YES;
				INFOPLIST_FILE = "alva_shop-tvOSTests/Info.plist";
				LD_RUNPATH_SEARCH_PATHS = "$(inherited) @executable_path/Frameworks @loader_path/Frameworks";
				OTHER_LDFLAGS = (
					"$(inherited)",
					"-ObjC",
					"-lc++",
				);
				PRODUCT_BUNDLE_IDENTIFIER = "org.reactjs.native.example.alva_shop-tvOSTests";
				PRODUCT_NAME = "$(TARGET_NAME)";
				SDKROOT = appletvos;
				TEST_HOST = "$(BUILT_PRODUCTS_DIR)/alva_shop-tvOS.app/alva_shop-tvOS";
				TVOS_DEPLOYMENT_TARGET = 10.1;
			};
			name = Debug;
		};
		2D02E49A1E0B4A5E006451C7 /* Release */ = {
			isa = XCBuildConfiguration;
			buildSettings = {
				BUNDLE_LOADER = "$(TEST_HOST)";
				CLANG_ANALYZER_NONNULL = YES;
				CLANG_WARN_DOCUMENTATION_COMMENTS = YES;
				CLANG_WARN_INFINITE_RECURSION = YES;
				CLANG_WARN_SUSPICIOUS_MOVE = YES;
				COPY_PHASE_STRIP = NO;
				DEBUG_INFORMATION_FORMAT = "dwarf-with-dsym";
				GCC_NO_COMMON_BLOCKS = YES;
				INFOPLIST_FILE = "alva_shop-tvOSTests/Info.plist";
				LD_RUNPATH_SEARCH_PATHS = "$(inherited) @executable_path/Frameworks @loader_path/Frameworks";
				OTHER_LDFLAGS = (
					"$(inherited)",
					"-ObjC",
					"-lc++",
				);
				PRODUCT_BUNDLE_IDENTIFIER = "org.reactjs.native.example.alva_shop-tvOSTests";
				PRODUCT_NAME = "$(TARGET_NAME)";
				SDKROOT = appletvos;
				TEST_HOST = "$(BUILT_PRODUCTS_DIR)/alva_shop-tvOS.app/alva_shop-tvOS";
				TVOS_DEPLOYMENT_TARGET = 10.1;
			};
			name = Release;
		};
		83CBBA201A601CBA00E9B192 /* Debug */ = {
			isa = XCBuildConfiguration;
			buildSettings = {
				ALWAYS_SEARCH_USER_PATHS = NO;
				CLANG_ANALYZER_LOCALIZABILITY_NONLOCALIZED = YES;
				CLANG_CXX_LANGUAGE_STANDARD = "gnu++0x";
				CLANG_CXX_LIBRARY = "libc++";
				CLANG_ENABLE_MODULES = YES;
				CLANG_ENABLE_OBJC_ARC = YES;
				CLANG_WARN_BLOCK_CAPTURE_AUTORELEASING = YES;
				CLANG_WARN_BOOL_CONVERSION = YES;
				CLANG_WARN_COMMA = YES;
				CLANG_WARN_CONSTANT_CONVERSION = YES;
				CLANG_WARN_DEPRECATED_OBJC_IMPLEMENTATIONS = YES;
				CLANG_WARN_DIRECT_OBJC_ISA_USAGE = YES_ERROR;
				CLANG_WARN_EMPTY_BODY = YES;
				CLANG_WARN_ENUM_CONVERSION = YES;
				CLANG_WARN_INFINITE_RECURSION = YES;
				CLANG_WARN_INT_CONVERSION = YES;
				CLANG_WARN_NON_LITERAL_NULL_CONVERSION = YES;
				CLANG_WARN_OBJC_IMPLICIT_RETAIN_SELF = YES;
				CLANG_WARN_OBJC_LITERAL_CONVERSION = YES;
				CLANG_WARN_OBJC_ROOT_CLASS = YES_ERROR;
				CLANG_WARN_RANGE_LOOP_ANALYSIS = YES;
				CLANG_WARN_STRICT_PROTOTYPES = YES;
				CLANG_WARN_SUSPICIOUS_MOVE = YES;
				CLANG_WARN_UNREACHABLE_CODE = YES;
				CLANG_WARN__DUPLICATE_METHOD_MATCH = YES;
				"CODE_SIGN_IDENTITY[sdk=iphoneos*]" = "iPhone Developer";
				COPY_PHASE_STRIP = NO;
				ENABLE_STRICT_OBJC_MSGSEND = YES;
				ENABLE_TESTABILITY = YES;
				GCC_C_LANGUAGE_STANDARD = gnu99;
				GCC_DYNAMIC_NO_PIC = NO;
				GCC_NO_COMMON_BLOCKS = YES;
				GCC_OPTIMIZATION_LEVEL = 0;
				GCC_PREPROCESSOR_DEFINITIONS = (
					"DEBUG=1",
					"$(inherited)",
				);
				GCC_SYMBOLS_PRIVATE_EXTERN = NO;
				GCC_WARN_64_TO_32_BIT_CONVERSION = YES;
				GCC_WARN_ABOUT_RETURN_TYPE = YES_ERROR;
				GCC_WARN_UNDECLARED_SELECTOR = YES;
				GCC_WARN_UNINITIALIZED_AUTOS = YES_AGGRESSIVE;
				GCC_WARN_UNUSED_FUNCTION = YES;
				GCC_WARN_UNUSED_VARIABLE = YES;
				IPHONEOS_DEPLOYMENT_TARGET = 10.0;
				LD_RUNPATH_SEARCH_PATHS = "/usr/lib/swift $(inherited)";
				LIBRARY_SEARCH_PATHS = (
					"\"$(TOOLCHAIN_DIR)/usr/lib/swift/$(PLATFORM_NAME)\"",
					"\"$(TOOLCHAIN_DIR)/usr/lib/swift-5.0/$(PLATFORM_NAME)\"",
					"\"$(inherited)\"",
				);
				MTL_ENABLE_DEBUG_INFO = YES;
				ONLY_ACTIVE_ARCH = YES;
				SDKROOT = iphoneos;
			};
			name = Debug;
		};
		83CBBA211A601CBA00E9B192 /* Release */ = {
			isa = XCBuildConfiguration;
			buildSettings = {
				ALWAYS_SEARCH_USER_PATHS = NO;
				CLANG_ANALYZER_LOCALIZABILITY_NONLOCALIZED = YES;
				CLANG_CXX_LANGUAGE_STANDARD = "gnu++0x";
				CLANG_CXX_LIBRARY = "libc++";
				CLANG_ENABLE_MODULES = YES;
				CLANG_ENABLE_OBJC_ARC = YES;
				CLANG_WARN_BLOCK_CAPTURE_AUTORELEASING = YES;
				CLANG_WARN_BOOL_CONVERSION = YES;
				CLANG_WARN_COMMA = YES;
				CLANG_WARN_CONSTANT_CONVERSION = YES;
				CLANG_WARN_DEPRECATED_OBJC_IMPLEMENTATIONS = YES;
				CLANG_WARN_DIRECT_OBJC_ISA_USAGE = YES_ERROR;
				CLANG_WARN_EMPTY_BODY = YES;
				CLANG_WARN_ENUM_CONVERSION = YES;
				CLANG_WARN_INFINITE_RECURSION = YES;
				CLANG_WARN_INT_CONVERSION = YES;
				CLANG_WARN_NON_LITERAL_NULL_CONVERSION = YES;
				CLANG_WARN_OBJC_IMPLICIT_RETAIN_SELF = YES;
				CLANG_WARN_OBJC_LITERAL_CONVERSION = YES;
				CLANG_WARN_OBJC_ROOT_CLASS = YES_ERROR;
				CLANG_WARN_RANGE_LOOP_ANALYSIS = YES;
				CLANG_WARN_STRICT_PROTOTYPES = YES;
				CLANG_WARN_SUSPICIOUS_MOVE = YES;
				CLANG_WARN_UNREACHABLE_CODE = YES;
				CLANG_WARN__DUPLICATE_METHOD_MATCH = YES;
				"CODE_SIGN_IDENTITY[sdk=iphoneos*]" = "iPhone Developer";
				COPY_PHASE_STRIP = YES;
				ENABLE_NS_ASSERTIONS = NO;
				ENABLE_STRICT_OBJC_MSGSEND = YES;
				GCC_C_LANGUAGE_STANDARD = gnu99;
				GCC_NO_COMMON_BLOCKS = YES;
				GCC_WARN_64_TO_32_BIT_CONVERSION = YES;
				GCC_WARN_ABOUT_RETURN_TYPE = YES_ERROR;
				GCC_WARN_UNDECLARED_SELECTOR = YES;
				GCC_WARN_UNINITIALIZED_AUTOS = YES_AGGRESSIVE;
				GCC_WARN_UNUSED_FUNCTION = YES;
				GCC_WARN_UNUSED_VARIABLE = YES;
				IPHONEOS_DEPLOYMENT_TARGET = 10.0;
				LD_RUNPATH_SEARCH_PATHS = "/usr/lib/swift $(inherited)";
				LIBRARY_SEARCH_PATHS = (
					"\"$(TOOLCHAIN_DIR)/usr/lib/swift/$(PLATFORM_NAME)\"",
					"\"$(TOOLCHAIN_DIR)/usr/lib/swift-5.0/$(PLATFORM_NAME)\"",
					"\"$(inherited)\"",
				);
				MTL_ENABLE_DEBUG_INFO = NO;
				SDKROOT = iphoneos;
				VALIDATE_PRODUCT = YES;
			};
			name = Release;
		};
/* End XCBuildConfiguration section */

/* Begin XCConfigurationList section */
		00E357021AD99517003FC87E /* Build configuration list for PBXNativeTarget "alva_shopTests" */ = {
			isa = XCConfigurationList;
			buildConfigurations = (
				00E356F61AD99517003FC87E /* Debug */,
				00E356F71AD99517003FC87E /* Release */,
			);
			defaultConfigurationIsVisible = 0;
			defaultConfigurationName = Release;
		};
		13B07F931A680F5B00A75B9A /* Build configuration list for PBXNativeTarget "alva_shop" */ = {
			isa = XCConfigurationList;
			buildConfigurations = (
				13B07F941A680F5B00A75B9A /* Debug */,
				13B07F951A680F5B00A75B9A /* Release */,
			);
			defaultConfigurationIsVisible = 0;
			defaultConfigurationName = Release;
		};
		2D02E4BA1E0B4A5E006451C7 /* Build configuration list for PBXNativeTarget "alva_shop-tvOS" */ = {
			isa = XCConfigurationList;
			buildConfigurations = (
				2D02E4971E0B4A5E006451C7 /* Debug */,
				2D02E4981E0B4A5E006451C7 /* Release */,
			);
			defaultConfigurationIsVisible = 0;
			defaultConfigurationName = Release;
		};
		2D02E4BB1E0B4A5E006451C7 /* Build configuration list for PBXNativeTarget "alva_shop-tvOSTests" */ = {
			isa = XCConfigurationList;
			buildConfigurations = (
				2D02E4991E0B4A5E006451C7 /* Debug */,
				2D02E49A1E0B4A5E006451C7 /* Release */,
			);
			defaultConfigurationIsVisible = 0;
			defaultConfigurationName = Release;
		};
		83CBB9FA1A601CBA00E9B192 /* Build configuration list for PBXProject "alva_shop" */ = {
			isa = XCConfigurationList;
			buildConfigurations = (
				83CBBA201A601CBA00E9B192 /* Debug */,
				83CBBA211A601CBA00E9B192 /* Release */,
			);
			defaultConfigurationIsVisible = 0;
			defaultConfigurationName = Release;
		};
/* End XCConfigurationList section */
	};
	rootObject = 83CBB9F71A601CBA00E9B192 /* Project object */;
}
